
Microsoft Visual Studio Solution File, Format Version 12.00
# Visual Studio Version 17
VisualStudioVersion = 17.8.34330.188
MinimumVisualStudioVersion = 10.0.40219.1
Project("{FAE04EC0-301F-11D3-BF4B-00C04F79EFBC}") = "Practice_Project4_OOPs_UsingDesignPatterns", "Practice_Project4_OOPs_UsingDesignPatterns\Practice_Project4_OOPs_UsingDesignPatterns.csproj", "{D6821AA5-22A7-41B2-9616-A19BE3BC8750}"
EndProject
Global
	GlobalSection(SolutionConfigurationPlatforms) = preSolution
		Debug|Any CPU = Debug|Any CPU
		Release|Any CPU = Release|Any CPU
	EndGlobalSection
	GlobalSection(ProjectConfigurationPlatforms) = postSolution
		{D6821AA5-22A7-41B2-9616-A19BE3BC8750}.Debug|Any CPU.ActiveCfg = Debug|Any CPU
		{D6821AA5-22A7-41B2-9616-A19BE3BC8750}.Debug|Any CPU.Build.0 = Debug|Any CPU
		{D6821AA5-22A7-41B2-9616-A19BE3BC8750}.Release|Any CPU.ActiveCfg = Release|Any CPU
		{D6821AA5-22A7-41B2-9616-A19BE3BC8750}.Release|Any CPU.Build.0 = Release|Any CPU
	EndGlobalSection
	GlobalSection(SolutionProperties) = preSolution
		HideSolutionNode = FALSE
	EndGlobalSection
	GlobalSection(ExtensibilityGlobals) = postSolution
		SolutionGuid = {FC1B4E47-4C7E-44FD-92B4-CCDC9D7B9138}
	EndGlobalSection
EndGlobal
